// !$*UTF8*$!
{
	archiveVersion = 1;
	classes = {
	};
	objectVersion = 46;
	objects = {

/* Begin PBXBuildFile section */
		D181D2F436C27908EA4604CD /* AppCodeTests.swift in Sources */ = {isa = PBXBuildFile; fileRef = D181DACDB8D26537561F01A3 /* AppCodeTests.swift */; };
		D181D54BBA985E290B585F0D /* ViewController.swift in Sources */ = {isa = PBXBuildFile; fileRef = D181D2D635A082DBAC07C0F7 /* ViewController.swift */; };
		D181D58E83199380AF40CF07 /* LaunchScreen.storyboard in Resources */ = {isa = PBXBuildFile; fileRef = D181DB8B192CECEE18821D6B /* LaunchScreen.storyboard */; };
		D181D840FC21781CC867CB1C /* Main.storyboard in Resources */ = {isa = PBXBuildFile; fileRef = D181DB7B5DD91636F77D5B35 /* Main.storyboard */; };
		D181DD8632B1F5310393E250 /* AppDelegate.swift in Sources */ = {isa = PBXBuildFile; fileRef = D181D860B561937A5D0F6067 /* AppDelegate.swift */; };
		D181DD93975AADAB01EE6A2C /* AppCodeUITests.swift in Sources */ = {isa = PBXBuildFile; fileRef = D181DDA8C3A238C48F82BAED /* AppCodeUITests.swift */; };
		D181DF4581DC1C6578FA3473 /* Assets.xcassets in Resources */ = {isa = PBXBuildFile; fileRef = D181D527CBCFCAE08F807CC1 /* Assets.xcassets */; };
/* End PBXBuildFile section */

/* Begin PBXContainerItemProxy section */
		D181D2641B4453F3E5B60EFD /* PBXContainerItemProxy */ = {
			isa = PBXContainerItemProxy;
			containerPortal = D181DAF1E299349E113C59A5 /* Project object */;
			proxyType = 1;
			remoteGlobalIDString = D181D7E610FA44215C24021E;
			remoteInfo = AppCode;
		};
		D181DBE39FF51CF913CE96D6 /* PBXContainerItemProxy */ = {
			isa = PBXContainerItemProxy;
			containerPortal = D181DAF1E299349E113C59A5 /* Project object */;
			proxyType = 1;
			remoteGlobalIDString = D181D7E610FA44215C24021E;
			remoteInfo = AppCode;
		};
/* End PBXContainerItemProxy section */

/* Begin PBXFileReference section */
		D181D0E3FC2A49906303B047 /* AppCode.app */ = {isa = PBXFileReference; explicitFileType = wrapper.application; includeInIndex = 0; path = AppCode.app; sourceTree = BUILT_PRODUCTS_DIR; };
		D181D29C9EB4DD26C320CC05 /* Info.plist */ = {isa = PBXFileReference; lastKnownFileType = text.plist.info; path = Info.plist; sourceTree = "<group>"; };
		D181D2D635A082DBAC07C0F7 /* ViewController.swift */ = {isa = PBXFileReference; lastKnownFileType = sourcecode.swift; path = ViewController.swift; sourceTree = "<group>"; };
		D181D492051B12BAD122F539 /* Info.plist */ = {isa = PBXFileReference; lastKnownFileType = text.plist.info; path = Info.plist; sourceTree = "<group>"; };
		D181D527CBCFCAE08F807CC1 /* Assets.xcassets */ = {isa = PBXFileReference; lastKnownFileType = folder.assetcatalog; path = Assets.xcassets; sourceTree = "<group>"; };
		D181D658E5280DFA889F16A1 /* Base */ = {isa = PBXFileReference; lastKnownFileType = file.storyboard; name = Base; path = Base.lproj/Main.storyboard; sourceTree = "<group>"; };
		D181D73671C6806E35809290 /* AppCodeUITests.xctest */ = {isa = PBXFileReference; explicitFileType = wrapper.cfbundle; includeInIndex = 0; path = AppCodeUITests.xctest; sourceTree = BUILT_PRODUCTS_DIR; };
		D181D860B561937A5D0F6067 /* AppDelegate.swift */ = {isa = PBXFileReference; lastKnownFileType = sourcecode.swift; path = AppDelegate.swift; sourceTree = "<group>"; };
		D181DA18278AF39B10F5EC5E /* Base */ = {isa = PBXFileReference; lastKnownFileType = file.storyboard; name = Base; path = Base.lproj/LaunchScreen.storyboard; sourceTree = "<group>"; };
		D181DACDB8D26537561F01A3 /* AppCodeTests.swift */ = {isa = PBXFileReference; lastKnownFileType = sourcecode.swift; path = AppCodeTests.swift; sourceTree = "<group>"; };
		D181DB3EF20E408E598BBF73 /* AppCodeTests.xctest */ = {isa = PBXFileReference; explicitFileType = wrapper.cfbundle; includeInIndex = 0; path = AppCodeTests.xctest; sourceTree = BUILT_PRODUCTS_DIR; };
		D181DB989D4E0BE989451978 /* Info.plist */ = {isa = PBXFileReference; lastKnownFileType = text.plist.info; path = Info.plist; sourceTree = "<group>"; };
		D181DDA8C3A238C48F82BAED /* AppCodeUITests.swift */ = {isa = PBXFileReference; lastKnownFileType = sourcecode.swift; path = AppCodeUITests.swift; sourceTree = "<group>"; };
/* End PBXFileReference section */

/* Begin PBXFrameworksBuildPhase section */
		D181D6FA0AE852E1F33ED717 /* Frameworks */ = {
			isa = PBXFrameworksBuildPhase;
			buildActionMask = 2147483647;
			files = (
			);
			runOnlyForDeploymentPostprocessing = 0;
		};
		D181DED49629AC7ED9B350F1 /* Frameworks */ = {
			isa = PBXFrameworksBuildPhase;
			buildActionMask = 2147483647;
			files = (
			);
			runOnlyForDeploymentPostprocessing = 0;
		};
		D181DF81A1F527CFBA23E030 /* Frameworks */ = {
			isa = PBXFrameworksBuildPhase;
			buildActionMask = 2147483647;
			files = (
			);
			runOnlyForDeploymentPostprocessing = 0;
		};
/* End PBXFrameworksBuildPhase section */

/* Begin PBXGroup section */
		D181D4E5EA95B7665A88300F /* AppCodeUITests */ = {
			isa = PBXGroup;
			children = (
				D181D492051B12BAD122F539 /* Info.plist */,
				D181DDA8C3A238C48F82BAED /* AppCodeUITests.swift */,
			);
			path = AppCodeUITests;
			sourceTree = "<group>";
		};
		D181DAC6E12BE175039F4F5A /* AppCode */ = {
			isa = PBXGroup;
			children = (
				D181DB989D4E0BE989451978 /* Info.plist */,
				D181D527CBCFCAE08F807CC1 /* Assets.xcassets */,
				D181DB8B192CECEE18821D6B /* LaunchScreen.storyboard */,
				D181D860B561937A5D0F6067 /* AppDelegate.swift */,
				D181DB7B5DD91636F77D5B35 /* Main.storyboard */,
				D181D2D635A082DBAC07C0F7 /* ViewController.swift */,
			);
			path = AppCode;
			sourceTree = "<group>";
		};
		D181DB982CDEDA0ED61886A1 /* Products */ = {
			isa = PBXGroup;
			children = (
				D181D0E3FC2A49906303B047 /* AppCode.app */,
				D181DB3EF20E408E598BBF73 /* AppCodeTests.xctest */,
				D181D73671C6806E35809290 /* AppCodeUITests.xctest */,
			);
			name = Products;
			sourceTree = "<group>";
		};
		D181DC7EDE55EC8F53324849 /* AppCodeTests */ = {
			isa = PBXGroup;
			children = (
				D181D29C9EB4DD26C320CC05 /* Info.plist */,
				D181DACDB8D26537561F01A3 /* AppCodeTests.swift */,
			);
			path = AppCodeTests;
			sourceTree = "<group>";
		};
		D181DD00D0E8944A4059DC0A = {
			isa = PBXGroup;
			children = (
				D181DB982CDEDA0ED61886A1 /* Products */,
				D181DAC6E12BE175039F4F5A /* AppCode */,
				D181DC7EDE55EC8F53324849 /* AppCodeTests */,
				D181D4E5EA95B7665A88300F /* AppCodeUITests */,
			);
			sourceTree = "<group>";
		};
/* End PBXGroup section */

/* Begin PBXNativeTarget section */
		D181D7E610FA44215C24021E /* AppCode */ = {
			isa = PBXNativeTarget;
			buildConfigurationList = D181DC7DE6BE7E5FCC47883A /* Build configuration list for PBXNativeTarget "AppCode" */;
			buildPhases = (
				D181D7BA1805BFEF3AEBDB92 /* Sources */,
				D181DF81A1F527CFBA23E030 /* Frameworks */,
				D181DC8433ED2C3B2C67BE3C /* Resources */,
			);
			buildRules = (
			);
			dependencies = (
			);
			name = AppCode;
			productName = AppCode;
			productReference = D181D0E3FC2A49906303B047 /* AppCode.app */;
			productType = "com.apple.product-type.application";
		};
		D181DAE56CA04B9D401A22D8 /* AppCodeTests */ = {
			isa = PBXNativeTarget;
			buildConfigurationList = D181D98C66598B97E7E5BBDB /* Build configuration list for PBXNativeTarget "AppCodeTests" */;
			buildPhases = (
				D181DC277484E1116DD1BE17 /* Sources */,
				D181DED49629AC7ED9B350F1 /* Frameworks */,
				D181DDB423F1C92606933C40 /* Resources */,
			);
			buildRules = (
			);
			dependencies = (
				D181D0E79C698ED9664412D2 /* PBXTargetDependency */,
			);
			name = AppCodeTests;
			productName = AppCodeTests;
			productReference = D181DB3EF20E408E598BBF73 /* AppCodeTests.xctest */;
			productType = "com.apple.product-type.bundle.unit-test";
		};
		D181DD32E30F2765C77D8375 /* AppCodeUITests */ = {
			isa = PBXNativeTarget;
			buildConfigurationList = D181D7BFC21E65CD2E2ACDAE /* Build configuration list for PBXNativeTarget "AppCodeUITests" */;
			buildPhases = (
				D181DB8E8CEA7BD2F2CE234B /* Sources */,
				D181D6FA0AE852E1F33ED717 /* Frameworks */,
				D181D463B84106E16739019D /* Resources */,
			);
			buildRules = (
			);
			dependencies = (
				D181DE191675605990483E0A /* PBXTargetDependency */,
			);
			name = AppCodeUITests;
			productName = AppCodeUITests;
			productReference = D181D73671C6806E35809290 /* AppCodeUITests.xctest */;
			productType = "com.apple.product-type.bundle.ui-testing";
		};
/* End PBXNativeTarget section */

/* Begin PBXProject section */
		D181DAF1E299349E113C59A5 /* Project object */ = {
			isa = PBXProject;
			attributes = {
				ORGANIZATIONNAME = "___FULLUSERNAME___";
			};
			buildConfigurationList = D181DFD6734AF78C6AB9455E /* Build configuration list for PBXProject "AppCode" */;
			compatibilityVersion = "Xcode 3.2";
			developmentRegion = English;
			hasScannedForEncodings = 0;
			knownRegions = (
				en,
			);
			mainGroup = D181DD00D0E8944A4059DC0A;
			productRefGroup = D181DB982CDEDA0ED61886A1 /* Products */;
			projectDirPath = "";
			projectRoot = "";
			targets = (
				D181D7E610FA44215C24021E /* AppCode */,
				D181DAE56CA04B9D401A22D8 /* AppCodeTests */,
				D181DD32E30F2765C77D8375 /* AppCodeUITests */,
			);
		};
/* End PBXProject section */

/* Begin PBXResourcesBuildPhase section */
		D181D463B84106E16739019D /* Resources */ = {
			isa = PBXResourcesBuildPhase;
			buildActionMask = 2147483647;
			files = (
			);
			runOnlyForDeploymentPostprocessing = 0;
		};
		D181DC8433ED2C3B2C67BE3C /* Resources */ = {
			isa = PBXResourcesBuildPhase;
			buildActionMask = 2147483647;
			files = (
				D181DF4581DC1C6578FA3473 /* Assets.xcassets in Resources */,
				D181D58E83199380AF40CF07 /* LaunchScreen.storyboard in Resources */,
				D181D840FC21781CC867CB1C /* Main.storyboard in Resources */,
			);
			runOnlyForDeploymentPostprocessing = 0;
		};
		D181DDB423F1C92606933C40 /* Resources */ = {
			isa = PBXResourcesBuildPhase;
			buildActionMask = 2147483647;
			files = (
			);
			runOnlyForDeploymentPostprocessing = 0;
		};
/* End PBXResourcesBuildPhase section */

/* Begin PBXSourcesBuildPhase section */
		D181D7BA1805BFEF3AEBDB92 /* Sources */ = {
			isa = PBXSourcesBuildPhase;
			buildActionMask = 2147483647;
			files = (
				D181DD8632B1F5310393E250 /* AppDelegate.swift in Sources */,
				D181D54BBA985E290B585F0D /* ViewController.swift in Sources */,
			);
			runOnlyForDeploymentPostprocessing = 0;
		};
		D181DB8E8CEA7BD2F2CE234B /* Sources */ = {
			isa = PBXSourcesBuildPhase;
			buildActionMask = 2147483647;
			files = (
				D181DD93975AADAB01EE6A2C /* AppCodeUITests.swift in Sources */,
			);
			runOnlyForDeploymentPostprocessing = 0;
		};
		D181DC277484E1116DD1BE17 /* Sources */ = {
			isa = PBXSourcesBuildPhase;
			buildActionMask = 2147483647;
			files = (
				D181D2F436C27908EA4604CD /* AppCodeTests.swift in Sources */,
			);
			runOnlyForDeploymentPostprocessing = 0;
		};
/* End PBXSourcesBuildPhase section */

/* Begin PBXTargetDependency section */
		D181D0E79C698ED9664412D2 /* PBXTargetDependency */ = {
			isa = PBXTargetDependency;
			target = D181D7E610FA44215C24021E /* AppCode */;
			targetProxy = D181D2641B4453F3E5B60EFD /* PBXContainerItemProxy */;
		};
		D181DE191675605990483E0A /* PBXTargetDependency */ = {
			isa = PBXTargetDependency;
			target = D181D7E610FA44215C24021E /* AppCode */;
			targetProxy = D181DBE39FF51CF913CE96D6 /* PBXContainerItemProxy */;
		};
/* End PBXTargetDependency section */

/* Begin PBXVariantGroup section */
		D181DB7B5DD91636F77D5B35 /* Main.storyboard */ = {
			isa = PBXVariantGroup;
			children = (
				D181D658E5280DFA889F16A1 /* Base */,
			);
			name = Main.storyboard;
			sourceTree = "<group>";
		};
		D181DB8B192CECEE18821D6B /* LaunchScreen.storyboard */ = {
			isa = PBXVariantGroup;
			children = (
				D181DA18278AF39B10F5EC5E /* Base */,
			);
			name = LaunchScreen.storyboard;
			sourceTree = "<group>";
		};
/* End PBXVariantGroup section */

/* Begin XCBuildConfiguration section */
		D181D11C046A6BA3024B420C /* Debug */ = {
			isa = XCBuildConfiguration;
			buildSettings = {
				BUNDLE_LOADER = "$(BUILT_PRODUCTS_DIR)/AppCode.app/AppCode";
				INFOPLIST_FILE = AppCodeTests/Info.plist;
				LD_RUNPATH_SEARCH_PATHS = "$(inherited) @executable_path/Frameworks @loader_path/Frameworks";
				PRODUCT_BUNDLE_IDENTIFIER = "1250761865-qq.com.AppCodeTests";
				PRODUCT_NAME = "$(TARGET_NAME)";
				SWIFT_VERSION = 4.0;
				TARGETED_DEVICE_FAMILY = "1,2";
				TEST_HOST = "$(BUNDLE_LOADER)";
			};
			name = Debug;
		};
		D181D1CB08C155E8EB8316CA /* Release */ = {
			isa = XCBuildConfiguration;
			buildSettings = {
				ASSETCATALOG_COMPILER_APPICON_NAME = AppIcon;
				INFOPLIST_FILE = AppCode/Info.plist;
				LD_RUNPATH_SEARCH_PATHS = "$(inherited) @executable_path/Frameworks";
				PRODUCT_BUNDLE_IDENTIFIER = "1250761865-qq.com.AppCode";
				PRODUCT_NAME = "$(TARGET_NAME)";
				SWIFT_VERSION = 4.0;
				TARGETED_DEVICE_FAMILY = "1,2";
			};
			name = Release;
		};
		D181D2B39E3E1A2B86D676B3 /* Debug */ = {
			isa = XCBuildConfiguration;
			buildSettings = {
				ASSETCATALOG_COMPILER_APPICON_NAME = AppIcon;
				INFOPLIST_FILE = AppCode/Info.plist;
				LD_RUNPATH_SEARCH_PATHS = "$(inherited) @executable_path/Frameworks";
				PRODUCT_BUNDLE_IDENTIFIER = "1250761865-qq.com.AppCode";
				PRODUCT_NAME = "$(TARGET_NAME)";
				SWIFT_VERSION = 4.0;
				TARGETED_DEVICE_FAMILY = "1,2";
			};
			name = Debug;
		};
		D181D5D18C97F7A49441BDF6 /* Release */ = {
			isa = XCBuildConfiguration;
			buildSettings = {
				BUNDLE_LOADER = "$(BUILT_PRODUCTS_DIR)/AppCode.app/AppCode";
				INFOPLIST_FILE = AppCodeTests/Info.plist;
				LD_RUNPATH_SEARCH_PATHS = "$(inherited) @executable_path/Frameworks @loader_path/Frameworks";
				PRODUCT_BUNDLE_IDENTIFIER = "1250761865-qq.com.AppCodeTests";
				PRODUCT_NAME = "$(TARGET_NAME)";
				SWIFT_VERSION = 4.0;
				TARGETED_DEVICE_FAMILY = "1,2";
				TEST_HOST = "$(BUNDLE_LOADER)";
			};
			name = Release;
		};
		D181D6185AAC113AEA0067BF /* Release */ = {
			isa = XCBuildConfiguration;
			buildSettings = {
				ALWAYS_SEARCH_USER_PATHS = NO;
				CLANG_ANALYZER_NONNULL = YES;
				CLANG_ANALYZER_NUMBER_OBJECT_CONVERSION = YES_AGGRESSIVE;
				CLANG_CXX_LANGUAGE_STANDARD = "gnu++14";
				CLANG_CXX_LIBRARY = "libc++";
				CLANG_ENABLE_MODULES = YES;
				CLANG_ENABLE_OBJC_ARC = YES;
				CLANG_ENABLE_OBJC_WEAK = YES;
				CLANG_WARN_BLOCK_CAPTURE_AUTORELEASING = YES;
				CLANG_WARN_BOOL_CONVERSION = YES;
				CLANG_WARN_COMMA = YES;
				CLANG_WARN_CONSTANT_CONVERSION = YES;
				CLANG_WARN_DEPRECATED_OBJC_IMPLEMENTATIONS = YES;
				CLANG_WARN_DIRECT_OBJC_ISA_USAGE = YES_ERROR;
				CLANG_WARN_DOCUMENTATION_COMMENTS = YES;
				CLANG_WARN_EMPTY_BODY = YES;
				CLANG_WARN_ENUM_CONVERSION = YES;
				CLANG_WARN_INFINITE_RECURSION = YES;
				CLANG_WARN_INT_CONVERSION = YES;
				CLANG_WARN_NON_LITERAL_NULL_CONVERSION = YES;
				CLANG_WARN_OBJC_IMPLICIT_RETAIN_SELF = YES;
				CLANG_WARN_OBJC_LITERAL_CONVERSION = YES;
				CLANG_WARN_OBJC_ROOT_CLASS = YES_ERROR;
				CLANG_WARN_RANGE_LOOP_ANALYSIS = YES;
				CLANG_WARN_STRICT_PROTOTYPES = YES;
				CLANG_WARN_SUSPICIOUS_MOVE = YES;
				CLANG_WARN_UNGUARDED_AVAILABILITY = YES_AGGRESSIVE;
				CLANG_WARN_UNREACHABLE_CODE = YES;
				CLANG_WARN__DUPLICATE_METHOD_MATCH = YES;
				CODE_SIGN_IDENTITY = "iPhone Developer";
				COPY_PHASE_STRIP = NO;
				DEBUG_INFORMATION_FORMAT = "dwarf-with-dsym";
				ENABLE_NS_ASSERTIONS = NO;
				ENABLE_STRICT_OBJC_MSGSEND = YES;
				GCC_C_LANGUAGE_STANDARD = gnu11;
				GCC_NO_COMMON_BLOCKS = YES;
				GCC_WARN_64_TO_32_BIT_CONVERSION = YES;
				GCC_WARN_ABOUT_RETURN_TYPE = YES_ERROR;
				GCC_WARN_UNDECLARED_SELECTOR = YES;
				GCC_WARN_UNINITIALIZED_AUTOS = YES_AGGRESSIVE;
				GCC_WARN_UNUSED_FUNCTION = YES;
				GCC_WARN_UNUSED_VARIABLE = YES;
				IPHONEOS_DEPLOYMENT_TARGET = 11.3;
				MTL_ENABLE_DEBUG_INFO = NO;
				SDKROOT = iphoneos;
				SWIFT_COMPILATION_MODE = wholemodule;
				SWIFT_OPTIMIZATION_LEVEL = "-O";
				VALIDATE_PRODUCT = YES;
			};
			name = Release;
		};
		D181D87898B743DDC9E0957D /* Debug */ = {
			isa = XCBuildConfiguration;
			buildSettings = {
				INFOPLIST_FILE = AppCodeUITests/Info.plist;
				LD_RUNPATH_SEARCH_PATHS = "$(inherited) @executable_path/Frameworks @loader_path/Frameworks";
				PRODUCT_BUNDLE_IDENTIFIER = "1250761865-qq.com.AppCodeUITests";
				PRODUCT_NAME = "$(TARGET_NAME)";
				SWIFT_VERSION = 4.0;
				TARGETED_DEVICE_FAMILY = "1,2";
				TEST_TARGET_NAME = AppCode;
			};
			name = Debug;
		};
		D181DB48A7878854CB86EF3E /* Debug */ = {
			isa = XCBuildConfiguration;
			buildSettings = {
				ALWAYS_SEARCH_USER_PATHS = NO;
				CLANG_ANALYZER_NONNULL = YES;
				CLANG_ANALYZER_NUMBER_OBJECT_CONVERSION = YES_AGGRESSIVE;
				CLANG_CXX_LANGUAGE_STANDARD = "gnu++14";
				CLANG_CXX_LIBRARY = "libc++";
				CLANG_ENABLE_MODULES = YES;
				CLANG_ENABLE_OBJC_ARC = YES;
				CLANG_ENABLE_OBJC_WEAK = YES;
				CLANG_WARN_BLOCK_CAPTURE_AUTORELEASING = YES;
				CLANG_WARN_BOOL_CONVERSION = YES;
				CLANG_WARN_COMMA = YES;
				CLANG_WARN_CONSTANT_CONVERSION = YES;
				CLANG_WARN_DEPRECATED_OBJC_IMPLEMENTATIONS = YES;
				CLANG_WARN_DIRECT_OBJC_ISA_USAGE = YES_ERROR;
				CLANG_WARN_DOCUMENTATION_COMMENTS = YES;
				CLANG_WARN_EMPTY_BODY = YES;
				CLANG_WARN_ENUM_CONVERSION = YES;
				CLANG_WARN_INFINITE_RECURSION = YES;
				CLANG_WARN_INT_CONVERSION = YES;
				CLANG_WARN_NON_LITERAL_NULL_CONVERSION = YES;
				CLANG_WARN_OBJC_IMPLICIT_RETAIN_SELF = YES;
				CLANG_WARN_OBJC_LITERAL_CONVERSION = YES;
				CLANG_WARN_OBJC_ROOT_CLASS = YES_ERROR;
				CLANG_WARN_RANGE_LOOP_ANALYSIS = YES;
				CLANG_WARN_STRICT_PROTOTYPES = YES;
				CLANG_WARN_SUSPICIOUS_MOVE = YES;
				CLANG_WARN_UNGUARDED_AVAILABILITY = YES_AGGRESSIVE;
				CLANG_WARN_UNREACHABLE_CODE = YES;
				CLANG_WARN__DUPLICATE_METHOD_MATCH = YES;
				CODE_SIGN_IDENTITY = "iPhone Developer";
				COPY_PHASE_STRIP = NO;
				DEBUG_INFORMATION_FORMAT = dwarf;
				ENABLE_STRICT_OBJC_MSGSEND = YES;
				ENABLE_TESTABILITY = YES;
				GCC_C_LANGUAGE_STANDARD = gnu11;
				GCC_DYNAMIC_NO_PIC = NO;
				GCC_NO_COMMON_BLOCKS = YES;
				GCC_OPTIMIZATION_LEVEL = 0;
				GCC_PREPROCESSOR_DEFINITIONS = (
					"DEBUG=1",
					"$(inherited)",
				);
				GCC_WARN_64_TO_32_BIT_CONVERSION = YES;
				GCC_WARN_ABOUT_RETURN_TYPE = YES_ERROR;
				GCC_WARN_UNDECLARED_SELECTOR = YES;
				GCC_WARN_UNINITIALIZED_AUTOS = YES_AGGRESSIVE;
				GCC_WARN_UNUSED_FUNCTION = YES;
				GCC_WARN_UNUSED_VARIABLE = YES;
				IPHONEOS_DEPLOYMENT_TARGET = 11.3;
				MTL_ENABLE_DEBUG_INFO = YES;
				ONLY_ACTIVE_ARCH = YES;
				SDKROOT = iphoneos;
				SWIFT_ACTIVE_COMPILATION_CONDITIONS = DEBUG;
				SWIFT_OPTIMIZATION_LEVEL = "-Onone";
			};
			name = Debug;
		};
		D181DF67E497333C5DFFBE86 /* Release */ = {
			isa = XCBuildConfiguration;
			buildSettings = {
				INFOPLIST_FILE = AppCodeUITests/Info.plist;
				LD_RUNPATH_SEARCH_PATHS = "$(inherited) @executable_path/Frameworks @loader_path/Frameworks";
				PRODUCT_BUNDLE_IDENTIFIER = "1250761865-qq.com.AppCodeUITests";
				PRODUCT_NAME = "$(TARGET_NAME)";
				SWIFT_VERSION = 4.0;
				TARGETED_DEVICE_FAMILY = "1,2";
				TEST_TARGET_NAME = AppCode;
			};
			name = Release;
		};
/* End XCBuildConfiguration section */

/* Begin XCConfigurationList section */
		D181D7BFC21E65CD2E2ACDAE /* Build configuration list for PBXNativeTarget "AppCodeUITests" */ = {
			isa = XCConfigurationList;
			buildConfigurations = (
				D181D87898B743DDC9E0957D /* Debug */,
				D181DF67E497333C5DFFBE86 /* Release */,
			);
			defaultConfigurationIsVisible = 0;
		};
		D181D98C66598B97E7E5BBDB /* Build configuration list for PBXNativeTarget "AppCodeTests" */ = {
			isa = XCConfigurationList;
			buildConfigurations = (
				D181D11C046A6BA3024B420C /* Debug */,
				D181D5D18C97F7A49441BDF6 /* Release */,
			);
			defaultConfigurationIsVisible = 0;
		};
		D181DC7DE6BE7E5FCC47883A /* Build configuration list for PBXNativeTarget "AppCode" */ = {
			isa = XCConfigurationList;
			buildConfigurations = (
				D181D2B39E3E1A2B86D676B3 /* Debug */,
				D181D1CB08C155E8EB8316CA /* Release */,
			);
			defaultConfigurationIsVisible = 0;
		};
		D181DFD6734AF78C6AB9455E /* Build configuration list for PBXProject "AppCode" */ = {
			isa = XCConfigurationList;
			buildConfigurations = (
				D181DB48A7878854CB86EF3E /* Debug */,
				D181D6185AAC113AEA0067BF /* Release */,
			);
			defaultConfigurationIsVisible = 0;
			defaultConfigurationName = Release;
		};
/* End XCConfigurationList section */
	};
	rootObject = D181DAF1E299349E113C59A5 /* Project object */;
}
