PODS:
  - SnapKit (4.0.0)
  - Typhoon (4.0.5):
    - Typhoon/DeallocNotifier (= 4.0.5)
    - Typhoon/IntrospectionUtils (= 4.0.5)
    - Typhoon/no-arc (= 4.0.5)
  - Typhoon/DeallocNotifier (4.0.5)
  - Typhoon/IntrospectionUtils (4.0.5)
  - Typhoon/no-arc (4.0.5):
    - Typhoon/IntrospectionUtils

DEPENDENCIES:
  - SnapKit (~> 4.0.0)
  - Typhoon

SPEC REPOS:
  https://github.com/cocoapods/specs.git:
    - SnapKit
    - Typhoon

SPEC CHECKSUMS:
  SnapKit: a42d492c16e80209130a3379f73596c3454b7694
  Typhoon: 58ae5754d3d0aa819119d8c107aed0dd67f1eb3b

PODFILE CHECKSUM: 30abd550de1c4696333a7fa2232f77bd1dfca77d

COCOAPODS: 1.5.3
