// !$*UTF8*$!
{
	archiveVersion = 1;
	classes = {
	};
	objectVersion = 50;
	objects = {

/* Begin PBXBuildFile section */
		1DFAB921AB59A924D0E908C7 /* Pods_IOS_TDD_Learning.framework in Frameworks */ = {isa = PBXBuildFile; fileRef = 94394139849859C6E16D3917 /* Pods_IOS_TDD_Learning.framework */; };
		6468322020FE671D00332915 /* MLcontroller.swift in Sources */ = {isa = PBXBuildFile; fileRef = 6468321F20FE671D00332915 /* MLcontroller.swift */; };
		6482223C20FCFDB000535188 /* AppDelegate.swift in Sources */ = {isa = PBXBuildFile; fileRef = 6482223B20FCFDB000535188 /* AppDelegate.swift */; };
		6482223E20FCFDB000535188 /* ViewController.swift in Sources */ = {isa = PBXBuildFile; fileRef = 6482223D20FCFDB000535188 /* ViewController.swift */; };
		6482224120FCFDB000535188 /* Main.storyboard in Resources */ = {isa = PBXBuildFile; fileRef = 6482223F20FCFDB000535188 /* Main.storyboard */; };
		6482224420FCFDB000535188 /* IOS_TDD_Learning.xcdatamodeld in Sources */ = {isa = PBXBuildFile; fileRef = 6482224220FCFDB000535188 /* IOS_TDD_Learning.xcdatamodeld */; };
		6482224620FCFDB000535188 /* Assets.xcassets in Resources */ = {isa = PBXBuildFile; fileRef = 6482224520FCFDB000535188 /* Assets.xcassets */; };
		6482224920FCFDB000535188 /* LaunchScreen.storyboard in Resources */ = {isa = PBXBuildFile; fileRef = 6482224720FCFDB000535188 /* LaunchScreen.storyboard */; };
		6482225420FCFDB100535188 /* IOS_TDD_LearningTests.swift in Sources */ = {isa = PBXBuildFile; fileRef = 6482225320FCFDB100535188 /* IOS_TDD_LearningTests.swift */; };
		6482225F20FCFDB100535188 /* IOS_TDD_LearningUITests.swift in Sources */ = {isa = PBXBuildFile; fileRef = 6482225E20FCFDB100535188 /* IOS_TDD_LearningUITests.swift */; };
		7E276B700F8F80CC221A74E9 /* Pods_IOS_TDD_LearningUITests.framework in Frameworks */ = {isa = PBXBuildFile; fileRef = 4331671304A1F3AE38C661FA /* Pods_IOS_TDD_LearningUITests.framework */; };
		954482D46C2D2DB1338D8B2F /* Pods_IOS_TDD_LearningTests.framework in Frameworks */ = {isa = PBXBuildFile; fileRef = 229BC81977E9C4B085EBA0AF /* Pods_IOS_TDD_LearningTests.framework */; };
/* End PBXBuildFile section */

/* Begin PBXContainerItemProxy section */
		6482225020FCFDB100535188 /* PBXContainerItemProxy */ = {
			isa = PBXContainerItemProxy;
			containerPortal = 6482223020FCFDB000535188 /* Project object */;
			proxyType = 1;
			remoteGlobalIDString = 6482223720FCFDB000535188;
			remoteInfo = IOS_TDD_Learning;
		};
		6482225B20FCFDB100535188 /* PBXContainerItemProxy */ = {
			isa = PBXContainerItemProxy;
			containerPortal = 6482223020FCFDB000535188 /* Project object */;
			proxyType = 1;
			remoteGlobalIDString = 6482223720FCFDB000535188;
			remoteInfo = IOS_TDD_Learning;
		};
/* End PBXContainerItemProxy section */

/* Begin PBXFileReference section */
		229BC81977E9C4B085EBA0AF /* Pods_IOS_TDD_LearningTests.framework */ = {isa = PBXFileReference; explicitFileType = wrapper.framework; includeInIndex = 0; path = Pods_IOS_TDD_LearningTests.framework; sourceTree = BUILT_PRODUCTS_DIR; };
		4331671304A1F3AE38C661FA /* Pods_IOS_TDD_LearningUITests.framework */ = {isa = PBXFileReference; explicitFileType = wrapper.framework; includeInIndex = 0; path = Pods_IOS_TDD_LearningUITests.framework; sourceTree = BUILT_PRODUCTS_DIR; };
		4CBE72826EB71FF72C561CAE /* Pods-IOS_TDD_Learning.release.xcconfig */ = {isa = PBXFileReference; includeInIndex = 1; lastKnownFileType = text.xcconfig; name = "Pods-IOS_TDD_Learning.release.xcconfig"; path = "Pods/Target Support Files/Pods-IOS_TDD_Learning/Pods-IOS_TDD_Learning.release.xcconfig"; sourceTree = "<group>"; };
		6468321F20FE671D00332915 /* MLcontroller.swift */ = {isa = PBXFileReference; lastKnownFileType = sourcecode.swift; path = MLcontroller.swift; sourceTree = "<group>"; };
		6482223820FCFDB000535188 /* IOS_TDD_Learning.app */ = {isa = PBXFileReference; explicitFileType = wrapper.application; includeInIndex = 0; path = IOS_TDD_Learning.app; sourceTree = BUILT_PRODUCTS_DIR; };
		6482223B20FCFDB000535188 /* AppDelegate.swift */ = {isa = PBXFileReference; lastKnownFileType = sourcecode.swift; path = AppDelegate.swift; sourceTree = "<group>"; };
		6482223D20FCFDB000535188 /* ViewController.swift */ = {isa = PBXFileReference; lastKnownFileType = sourcecode.swift; path = ViewController.swift; sourceTree = "<group>"; };
		6482224020FCFDB000535188 /* Base */ = {isa = PBXFileReference; lastKnownFileType = file.storyboard; name = Base; path = Base.lproj/Main.storyboard; sourceTree = "<group>"; };
		6482224320FCFDB000535188 /* IOS_TDD_Learning.xcdatamodel */ = {isa = PBXFileReference; lastKnownFileType = wrapper.xcdatamodel; path = IOS_TDD_Learning.xcdatamodel; sourceTree = "<group>"; };
		6482224520FCFDB000535188 /* Assets.xcassets */ = {isa = PBXFileReference; lastKnownFileType = folder.assetcatalog; path = Assets.xcassets; sourceTree = "<group>"; };
		6482224820FCFDB000535188 /* Base */ = {isa = PBXFileReference; lastKnownFileType = file.storyboard; name = Base; path = Base.lproj/LaunchScreen.storyboard; sourceTree = "<group>"; };
		6482224A20FCFDB000535188 /* Info.plist */ = {isa = PBXFileReference; lastKnownFileType = text.plist.xml; path = Info.plist; sourceTree = "<group>"; };
		6482224F20FCFDB100535188 /* IOS_TDD_LearningTests.xctest */ = {isa = PBXFileReference; explicitFileType = wrapper.cfbundle; includeInIndex = 0; path = IOS_TDD_LearningTests.xctest; sourceTree = BUILT_PRODUCTS_DIR; };
		6482225320FCFDB100535188 /* IOS_TDD_LearningTests.swift */ = {isa = PBXFileReference; lastKnownFileType = sourcecode.swift; path = IOS_TDD_LearningTests.swift; sourceTree = "<group>"; };
		6482225520FCFDB100535188 /* Info.plist */ = {isa = PBXFileReference; lastKnownFileType = text.plist.xml; path = Info.plist; sourceTree = "<group>"; };
		6482225A20FCFDB100535188 /* IOS_TDD_LearningUITests.xctest */ = {isa = PBXFileReference; explicitFileType = wrapper.cfbundle; includeInIndex = 0; path = IOS_TDD_LearningUITests.xctest; sourceTree = BUILT_PRODUCTS_DIR; };
		6482225E20FCFDB100535188 /* IOS_TDD_LearningUITests.swift */ = {isa = PBXFileReference; lastKnownFileType = sourcecode.swift; path = IOS_TDD_LearningUITests.swift; sourceTree = "<group>"; };
		6482226020FCFDB100535188 /* Info.plist */ = {isa = PBXFileReference; lastKnownFileType = text.plist.xml; path = Info.plist; sourceTree = "<group>"; };
		6DE1BE18CA5D71B5042B6965 /* Pods-IOS_TDD_LearningUITests.release.xcconfig */ = {isa = PBXFileReference; includeInIndex = 1; lastKnownFileType = text.xcconfig; name = "Pods-IOS_TDD_LearningUITests.release.xcconfig"; path = "Pods/Target Support Files/Pods-IOS_TDD_LearningUITests/Pods-IOS_TDD_LearningUITests.release.xcconfig"; sourceTree = "<group>"; };
		94394139849859C6E16D3917 /* Pods_IOS_TDD_Learning.framework */ = {isa = PBXFileReference; explicitFileType = wrapper.framework; includeInIndex = 0; path = Pods_IOS_TDD_Learning.framework; sourceTree = BUILT_PRODUCTS_DIR; };
		9D8A86861316B2E2F8505AA1 /* Pods-IOS_TDD_LearningTests.debug.xcconfig */ = {isa = PBXFileReference; includeInIndex = 1; lastKnownFileType = text.xcconfig; name = "Pods-IOS_TDD_LearningTests.debug.xcconfig"; path = "Pods/Target Support Files/Pods-IOS_TDD_LearningTests/Pods-IOS_TDD_LearningTests.debug.xcconfig"; sourceTree = "<group>"; };
		B08B897EC3E2C81C4ED3950A /* Pods-IOS_TDD_Learning.debug.xcconfig */ = {isa = PBXFileReference; includeInIndex = 1; lastKnownFileType = text.xcconfig; name = "Pods-IOS_TDD_Learning.debug.xcconfig"; path = "Pods/Target Support Files/Pods-IOS_TDD_Learning/Pods-IOS_TDD_Learning.debug.xcconfig"; sourceTree = "<group>"; };
		DB35DEF0566EE647D2D29CFD /* Pods-IOS_TDD_LearningTests.release.xcconfig */ = {isa = PBXFileReference; includeInIndex = 1; lastKnownFileType = text.xcconfig; name = "Pods-IOS_TDD_LearningTests.release.xcconfig"; path = "Pods/Target Support Files/Pods-IOS_TDD_LearningTests/Pods-IOS_TDD_LearningTests.release.xcconfig"; sourceTree = "<group>"; };
		DC43FB159AF7E66C6A56BB09 /* Pods-IOS_TDD_LearningUITests.debug.xcconfig */ = {isa = PBXFileReference; includeInIndex = 1; lastKnownFileType = text.xcconfig; name = "Pods-IOS_TDD_LearningUITests.debug.xcconfig"; path = "Pods/Target Support Files/Pods-IOS_TDD_LearningUITests/Pods-IOS_TDD_LearningUITests.debug.xcconfig"; sourceTree = "<group>"; };
/* End PBXFileReference section */

/* Begin PBXFrameworksBuildPhase section */
		6482223520FCFDB000535188 /* Frameworks */ = {
			isa = PBXFrameworksBuildPhase;
			buildActionMask = 2147483647;
			files = (
				1DFAB921AB59A924D0E908C7 /* Pods_IOS_TDD_Learning.framework in Frameworks */,
			);
			runOnlyForDeploymentPostprocessing = 0;
		};
		6482224C20FCFDB100535188 /* Frameworks */ = {
			isa = PBXFrameworksBuildPhase;
			buildActionMask = 2147483647;
			files = (
				954482D46C2D2DB1338D8B2F /* Pods_IOS_TDD_LearningTests.framework in Frameworks */,
			);
			runOnlyForDeploymentPostprocessing = 0;
		};
		6482225720FCFDB100535188 /* Frameworks */ = {
			isa = PBXFrameworksBuildPhase;
			buildActionMask = 2147483647;
			files = (
				7E276B700F8F80CC221A74E9 /* Pods_IOS_TDD_LearningUITests.framework in Frameworks */,
			);
			runOnlyForDeploymentPostprocessing = 0;
		};
/* End PBXFrameworksBuildPhase section */

/* Begin PBXGroup section */
		43D0C3A84A51F2C4562DECDB /* Frameworks */ = {
			isa = PBXGroup;
			children = (
				94394139849859C6E16D3917 /* Pods_IOS_TDD_Learning.framework */,
				229BC81977E9C4B085EBA0AF /* Pods_IOS_TDD_LearningTests.framework */,
				4331671304A1F3AE38C661FA /* Pods_IOS_TDD_LearningUITests.framework */,
			);
			name = Frameworks;
			sourceTree = "<group>";
		};
		6482222F20FCFDB000535188 = {
			isa = PBXGroup;
			children = (
				6482223A20FCFDB000535188 /* IOS_TDD_Learning */,
				6482225220FCFDB100535188 /* IOS_TDD_LearningTests */,
				6482225D20FCFDB100535188 /* IOS_TDD_LearningUITests */,
				6482223920FCFDB000535188 /* Products */,
				DA08BEC292AB7C55C01B8571 /* Pods */,
				43D0C3A84A51F2C4562DECDB /* Frameworks */,
			);
			sourceTree = "<group>";
		};
		6482223920FCFDB000535188 /* Products */ = {
			isa = PBXGroup;
			children = (
				6482223820FCFDB000535188 /* IOS_TDD_Learning.app */,
				6482224F20FCFDB100535188 /* IOS_TDD_LearningTests.xctest */,
				6482225A20FCFDB100535188 /* IOS_TDD_LearningUITests.xctest */,
			);
			name = Products;
			sourceTree = "<group>";
		};
		6482223A20FCFDB000535188 /* IOS_TDD_Learning */ = {
			isa = PBXGroup;
			children = (
				6482223B20FCFDB000535188 /* AppDelegate.swift */,
				6482223D20FCFDB000535188 /* ViewController.swift */,
				6482223F20FCFDB000535188 /* Main.storyboard */,
				6482224520FCFDB000535188 /* Assets.xcassets */,
				6482224720FCFDB000535188 /* LaunchScreen.storyboard */,
				6482224A20FCFDB000535188 /* Info.plist */,
				6482224220FCFDB000535188 /* IOS_TDD_Learning.xcdatamodeld */,
				6468321F20FE671D00332915 /* MLcontroller.swift */,
			);
			path = IOS_TDD_Learning;
			sourceTree = "<group>";
		};
		6482225220FCFDB100535188 /* IOS_TDD_LearningTests */ = {
			isa = PBXGroup;
			children = (
				6482225320FCFDB100535188 /* IOS_TDD_LearningTests.swift */,
				6482225520FCFDB100535188 /* Info.plist */,
			);
			path = IOS_TDD_LearningTests;
			sourceTree = "<group>";
		};
		6482225D20FCFDB100535188 /* IOS_TDD_LearningUITests */ = {
			isa = PBXGroup;
			children = (
				6482225E20FCFDB100535188 /* IOS_TDD_LearningUITests.swift */,
				6482226020FCFDB100535188 /* Info.plist */,
			);
			path = IOS_TDD_LearningUITests;
			sourceTree = "<group>";
		};
		DA08BEC292AB7C55C01B8571 /* Pods */ = {
			isa = PBXGroup;
			children = (
				B08B897EC3E2C81C4ED3950A /* Pods-IOS_TDD_Learning.debug.xcconfig */,
				4CBE72826EB71FF72C561CAE /* Pods-IOS_TDD_Learning.release.xcconfig */,
				9D8A86861316B2E2F8505AA1 /* Pods-IOS_TDD_LearningTests.debug.xcconfig */,
				DB35DEF0566EE647D2D29CFD /* Pods-IOS_TDD_LearningTests.release.xcconfig */,
				DC43FB159AF7E66C6A56BB09 /* Pods-IOS_TDD_LearningUITests.debug.xcconfig */,
				6DE1BE18CA5D71B5042B6965 /* Pods-IOS_TDD_LearningUITests.release.xcconfig */,
			);
			name = Pods;
			sourceTree = "<group>";
		};
/* End PBXGroup section */

/* Begin PBXNativeTarget section */
		6482223720FCFDB000535188 /* IOS_TDD_Learning */ = {
			isa = PBXNativeTarget;
			buildConfigurationList = 6482226320FCFDB100535188 /* Build configuration list for PBXNativeTarget "IOS_TDD_Learning" */;
			buildPhases = (
				646860CB172F6AC434B022BA /* [CP] Check Pods Manifest.lock */,
				6482223420FCFDB000535188 /* Sources */,
				6482223520FCFDB000535188 /* Frameworks */,
				6482223620FCFDB000535188 /* Resources */,
				76E9D64BCED844FE90E3EE40 /* [CP] Embed Pods Frameworks */,
			);
			buildRules = (
			);
			dependencies = (
			);
			name = IOS_TDD_Learning;
			productName = IOS_TDD_Learning;
			productReference = 6482223820FCFDB000535188 /* IOS_TDD_Learning.app */;
			productType = "com.apple.product-type.application";
		};
		6482224E20FCFDB100535188 /* IOS_TDD_LearningTests */ = {
			isa = PBXNativeTarget;
			buildConfigurationList = 6482226620FCFDB100535188 /* Build configuration list for PBXNativeTarget "IOS_TDD_LearningTests" */;
			buildPhases = (
				E686C39568677341DA3EB2FA /* [CP] Check Pods Manifest.lock */,
				6482224B20FCFDB100535188 /* Sources */,
				6482224C20FCFDB100535188 /* Frameworks */,
				6482224D20FCFDB100535188 /* Resources */,
			);
			buildRules = (
			);
			dependencies = (
				6482225120FCFDB100535188 /* PBXTargetDependency */,
			);
			name = IOS_TDD_LearningTests;
			productName = IOS_TDD_LearningTests;
			productReference = 6482224F20FCFDB100535188 /* IOS_TDD_LearningTests.xctest */;
			productType = "com.apple.product-type.bundle.unit-test";
		};
		6482225920FCFDB100535188 /* IOS_TDD_LearningUITests */ = {
			isa = PBXNativeTarget;
			buildConfigurationList = 6482226920FCFDB100535188 /* Build configuration list for PBXNativeTarget "IOS_TDD_LearningUITests" */;
			buildPhases = (
				4E288A56D9A43A141262BF73 /* [CP] Check Pods Manifest.lock */,
				6482225620FCFDB100535188 /* Sources */,
				6482225720FCFDB100535188 /* Frameworks */,
				6482225820FCFDB100535188 /* Resources */,
			);
			buildRules = (
			);
			dependencies = (
				6482225C20FCFDB100535188 /* PBXTargetDependency */,
			);
			name = IOS_TDD_LearningUITests;
			productName = IOS_TDD_LearningUITests;
			productReference = 6482225A20FCFDB100535188 /* IOS_TDD_LearningUITests.xctest */;
			productType = "com.apple.product-type.bundle.ui-testing";
		};
/* End PBXNativeTarget section */

/* Begin PBXProject section */
		6482223020FCFDB000535188 /* Project object */ = {
			isa = PBXProject;
			attributes = {
				LastSwiftUpdateCheck = 0930;
				LastUpgradeCheck = 0930;
				ORGANIZATIONNAME = "Wenqi Yuan ";
				TargetAttributes = {
					6482223720FCFDB000535188 = {
						CreatedOnToolsVersion = 9.3.1;
					};
					6482224E20FCFDB100535188 = {
						CreatedOnToolsVersion = 9.3.1;
						TestTargetID = 6482223720FCFDB000535188;
					};
					6482225920FCFDB100535188 = {
						CreatedOnToolsVersion = 9.3.1;
						TestTargetID = 6482223720FCFDB000535188;
					};
				};
			};
			buildConfigurationList = 6482223320FCFDB000535188 /* Build configuration list for PBXProject "IOS_TDD_Learning" */;
			compatibilityVersion = "Xcode 9.3";
			developmentRegion = en;
			hasScannedForEncodings = 0;
			knownRegions = (
				en,
				Base,
			);
			mainGroup = 6482222F20FCFDB000535188;
			productRefGroup = 6482223920FCFDB000535188 /* Products */;
			projectDirPath = "";
			projectRoot = "";
			targets = (
				6482223720FCFDB000535188 /* IOS_TDD_Learning */,
				6482224E20FCFDB100535188 /* IOS_TDD_LearningTests */,
				6482225920FCFDB100535188 /* IOS_TDD_LearningUITests */,
			);
		};
/* End PBXProject section */

/* Begin PBXResourcesBuildPhase section */
		6482223620FCFDB000535188 /* Resources */ = {
			isa = PBXResourcesBuildPhase;
			buildActionMask = 2147483647;
			files = (
				6482224920FCFDB000535188 /* LaunchScreen.storyboard in Resources */,
				6482224620FCFDB000535188 /* Assets.xcassets in Resources */,
				6482224120FCFDB000535188 /* Main.storyboard in Resources */,
			);
			runOnlyForDeploymentPostprocessing = 0;
		};
		6482224D20FCFDB100535188 /* Resources */ = {
			isa = PBXResourcesBuildPhase;
			buildActionMask = 2147483647;
			files = (
			);
			runOnlyForDeploymentPostprocessing = 0;
		};
		6482225820FCFDB100535188 /* Resources */ = {
			isa = PBXResourcesBuildPhase;
			buildActionMask = 2147483647;
			files = (
			);
			runOnlyForDeploymentPostprocessing = 0;
		};
/* End PBXResourcesBuildPhase section */

/* Begin PBXShellScriptBuildPhase section */
		4E288A56D9A43A141262BF73 /* [CP] Check Pods Manifest.lock */ = {
			isa = PBXShellScriptBuildPhase;
			buildActionMask = 2147483647;
			files = (
			);
			inputPaths = (
				"${PODS_PODFILE_DIR_PATH}/Podfile.lock",
				"${PODS_ROOT}/Manifest.lock",
			);
			name = "[CP] Check Pods Manifest.lock";
			outputPaths = (
				"$(DERIVED_FILE_DIR)/Pods-IOS_TDD_LearningUITests-checkManifestLockResult.txt",
			);
			runOnlyForDeploymentPostprocessing = 0;
			shellPath = /bin/sh;
			shellScript = "diff \"${PODS_PODFILE_DIR_PATH}/Podfile.lock\" \"${PODS_ROOT}/Manifest.lock\" > /dev/null\nif [ $? != 0 ] ; then\n    # print error to STDERR\n    echo \"error: The sandbox is not in sync with the Podfile.lock. Run 'pod install' or update your CocoaPods installation.\" >&2\n    exit 1\nfi\n# This output is used by Xcode 'outputs' to avoid re-running this script phase.\necho \"SUCCESS\" > \"${SCRIPT_OUTPUT_FILE_0}\"\n";
			showEnvVarsInLog = 0;
		};
		646860CB172F6AC434B022BA /* [CP] Check Pods Manifest.lock */ = {
			isa = PBXShellScriptBuildPhase;
			buildActionMask = 2147483647;
			files = (
			);
			inputPaths = (
				"${PODS_PODFILE_DIR_PATH}/Podfile.lock",
				"${PODS_ROOT}/Manifest.lock",
			);
			name = "[CP] Check Pods Manifest.lock";
			outputPaths = (
				"$(DERIVED_FILE_DIR)/Pods-IOS_TDD_Learning-checkManifestLockResult.txt",
			);
			runOnlyForDeploymentPostprocessing = 0;
			shellPath = /bin/sh;
			shellScript = "diff \"${PODS_PODFILE_DIR_PATH}/Podfile.lock\" \"${PODS_ROOT}/Manifest.lock\" > /dev/null\nif [ $? != 0 ] ; then\n    # print error to STDERR\n    echo \"error: The sandbox is not in sync with the Podfile.lock. Run 'pod install' or update your CocoaPods installation.\" >&2\n    exit 1\nfi\n# This output is used by Xcode 'outputs' to avoid re-running this script phase.\necho \"SUCCESS\" > \"${SCRIPT_OUTPUT_FILE_0}\"\n";
			showEnvVarsInLog = 0;
		};
		76E9D64BCED844FE90E3EE40 /* [CP] Embed Pods Frameworks */ = {
			isa = PBXShellScriptBuildPhase;
			buildActionMask = 2147483647;
			files = (
			);
			inputPaths = (
				"${SRCROOT}/Pods/Target Support Files/Pods-IOS_TDD_Learning/Pods-IOS_TDD_Learning-frameworks.sh",
				"${BUILT_PRODUCTS_DIR}/Typhoon/Typhoon.framework",
			);
			name = "[CP] Embed Pods Frameworks";
			outputPaths = (
				"${TARGET_BUILD_DIR}/${FRAMEWORKS_FOLDER_PATH}/Typhoon.framework",
			);
			runOnlyForDeploymentPostprocessing = 0;
			shellPath = /bin/sh;
			shellScript = "\"${SRCROOT}/Pods/Target Support Files/Pods-IOS_TDD_Learning/Pods-IOS_TDD_Learning-frameworks.sh\"\n";
			showEnvVarsInLog = 0;
		};
		E686C39568677341DA3EB2FA /* [CP] Check Pods Manifest.lock */ = {
			isa = PBXShellScriptBuildPhase;
			buildActionMask = 2147483647;
			files = (
			);
			inputPaths = (
				"${PODS_PODFILE_DIR_PATH}/Podfile.lock",
				"${PODS_ROOT}/Manifest.lock",
			);
			name = "[CP] Check Pods Manifest.lock";
			outputPaths = (
				"$(DERIVED_FILE_DIR)/Pods-IOS_TDD_LearningTests-checkManifestLockResult.txt",
			);
			runOnlyForDeploymentPostprocessing = 0;
			shellPath = /bin/sh;
			shellScript = "diff \"${PODS_PODFILE_DIR_PATH}/Podfile.lock\" \"${PODS_ROOT}/Manifest.lock\" > /dev/null\nif [ $? != 0 ] ; then\n    # print error to STDERR\n    echo \"error: The sandbox is not in sync with the Podfile.lock. Run 'pod install' or update your CocoaPods installation.\" >&2\n    exit 1\nfi\n# This output is used by Xcode 'outputs' to avoid re-running this script phase.\necho \"SUCCESS\" > \"${SCRIPT_OUTPUT_FILE_0}\"\n";
			showEnvVarsInLog = 0;
		};
/* End PBXShellScriptBuildPhase section */

/* Begin PBXSourcesBuildPhase section */
		6482223420FCFDB000535188 /* Sources */ = {
			isa = PBXSourcesBuildPhase;
			buildActionMask = 2147483647;
			files = (
				6482224420FCFDB000535188 /* IOS_TDD_Learning.xcdatamodeld in Sources */,
				6482223E20FCFDB000535188 /* ViewController.swift in Sources */,
				6468322020FE671D00332915 /* MLcontroller.swift in Sources */,
				6482223C20FCFDB000535188 /* AppDelegate.swift in Sources */,
			);
			runOnlyForDeploymentPostprocessing = 0;
		};
		6482224B20FCFDB100535188 /* Sources */ = {
			isa = PBXSourcesBuildPhase;
			buildActionMask = 2147483647;
			files = (
				6482225420FCFDB100535188 /* IOS_TDD_LearningTests.swift in Sources */,
			);
			runOnlyForDeploymentPostprocessing = 0;
		};
		6482225620FCFDB100535188 /* Sources */ = {
			isa = PBXSourcesBuildPhase;
			buildActionMask = 2147483647;
			files = (
				6482225F20FCFDB100535188 /* IOS_TDD_LearningUITests.swift in Sources */,
			);
			runOnlyForDeploymentPostprocessing = 0;
		};
/* End PBXSourcesBuildPhase section */

/* Begin PBXTargetDependency section */
		6482225120FCFDB100535188 /* PBXTargetDependency */ = {
			isa = PBXTargetDependency;
			target = 6482223720FCFDB000535188 /* IOS_TDD_Learning */;
			targetProxy = 6482225020FCFDB100535188 /* PBXContainerItemProxy */;
		};
		6482225C20FCFDB100535188 /* PBXTargetDependency */ = {
			isa = PBXTargetDependency;
			target = 6482223720FCFDB000535188 /* IOS_TDD_Learning */;
			targetProxy = 6482225B20FCFDB100535188 /* PBXContainerItemProxy */;
		};
/* End PBXTargetDependency section */

/* Begin PBXVariantGroup section */
		6482223F20FCFDB000535188 /* Main.storyboard */ = {
			isa = PBXVariantGroup;
			children = (
				6482224020FCFDB000535188 /* Base */,
			);
			name = Main.storyboard;
			sourceTree = "<group>";
		};
		6482224720FCFDB000535188 /* LaunchScreen.storyboard */ = {
			isa = PBXVariantGroup;
			children = (
				6482224820FCFDB000535188 /* Base */,
			);
			name = LaunchScreen.storyboard;
			sourceTree = "<group>";
		};
/* End PBXVariantGroup section */

/* Begin XCBuildConfiguration section */
		6482226120FCFDB100535188 /* Debug */ = {
			isa = XCBuildConfiguration;
			buildSettings = {
				ALWAYS_SEARCH_USER_PATHS = NO;
				CLANG_ANALYZER_NONNULL = YES;
				CLANG_ANALYZER_NUMBER_OBJECT_CONVERSION = YES_AGGRESSIVE;
				CLANG_CXX_LANGUAGE_STANDARD = "gnu++14";
				CLANG_CXX_LIBRARY = "libc++";
				CLANG_ENABLE_MODULES = YES;
				CLANG_ENABLE_OBJC_ARC = YES;
				CLANG_ENABLE_OBJC_WEAK = YES;
				CLANG_WARN_BLOCK_CAPTURE_AUTORELEASING = YES;
				CLANG_WARN_BOOL_CONVERSION = YES;
				CLANG_WARN_COMMA = YES;
				CLANG_WARN_CONSTANT_CONVERSION = YES;
				CLANG_WARN_DEPRECATED_OBJC_IMPLEMENTATIONS = YES;
				CLANG_WARN_DIRECT_OBJC_ISA_USAGE = YES_ERROR;
				CLANG_WARN_DOCUMENTATION_COMMENTS = YES;
				CLANG_WARN_EMPTY_BODY = YES;
				CLANG_WARN_ENUM_CONVERSION = YES;
				CLANG_WARN_INFINITE_RECURSION = YES;
				CLANG_WARN_INT_CONVERSION = YES;
				CLANG_WARN_NON_LITERAL_NULL_CONVERSION = YES;
				CLANG_WARN_OBJC_IMPLICIT_RETAIN_SELF = YES;
				CLANG_WARN_OBJC_LITERAL_CONVERSION = YES;
				CLANG_WARN_OBJC_ROOT_CLASS = YES_ERROR;
				CLANG_WARN_RANGE_LOOP_ANALYSIS = YES;
				CLANG_WARN_STRICT_PROTOTYPES = YES;
				CLANG_WARN_SUSPICIOUS_MOVE = YES;
				CLANG_WARN_UNGUARDED_AVAILABILITY = YES_AGGRESSIVE;
				CLANG_WARN_UNREACHABLE_CODE = YES;
				CLANG_WARN__DUPLICATE_METHOD_MATCH = YES;
				CODE_SIGN_IDENTITY = "iPhone Developer";
				COPY_PHASE_STRIP = NO;
				DEBUG_INFORMATION_FORMAT = dwarf;
				ENABLE_STRICT_OBJC_MSGSEND = YES;
				ENABLE_TESTABILITY = YES;
				GCC_C_LANGUAGE_STANDARD = gnu11;
				GCC_DYNAMIC_NO_PIC = NO;
				GCC_NO_COMMON_BLOCKS = YES;
				GCC_OPTIMIZATION_LEVEL = 0;
				GCC_PREPROCESSOR_DEFINITIONS = (
					"DEBUG=1",
					"$(inherited)",
				);
				GCC_WARN_64_TO_32_BIT_CONVERSION = YES;
				GCC_WARN_ABOUT_RETURN_TYPE = YES_ERROR;
				GCC_WARN_UNDECLARED_SELECTOR = YES;
				GCC_WARN_UNINITIALIZED_AUTOS = YES_AGGRESSIVE;
				GCC_WARN_UNUSED_FUNCTION = YES;
				GCC_WARN_UNUSED_VARIABLE = YES;
				IPHONEOS_DEPLOYMENT_TARGET = 11.3;
				MTL_ENABLE_DEBUG_INFO = YES;
				ONLY_ACTIVE_ARCH = YES;
				SDKROOT = iphoneos;
				SWIFT_ACTIVE_COMPILATION_CONDITIONS = DEBUG;
				SWIFT_OPTIMIZATION_LEVEL = "-Onone";
			};
			name = Debug;
		};
		6482226220FCFDB100535188 /* Release */ = {
			isa = XCBuildConfiguration;
			buildSettings = {
				ALWAYS_SEARCH_USER_PATHS = NO;
				CLANG_ANALYZER_NONNULL = YES;
				CLANG_ANALYZER_NUMBER_OBJECT_CONVERSION = YES_AGGRESSIVE;
				CLANG_CXX_LANGUAGE_STANDARD = "gnu++14";
				CLANG_CXX_LIBRARY = "libc++";
				CLANG_ENABLE_MODULES = YES;
				CLANG_ENABLE_OBJC_ARC = YES;
				CLANG_ENABLE_OBJC_WEAK = YES;
				CLANG_WARN_BLOCK_CAPTURE_AUTORELEASING = YES;
				CLANG_WARN_BOOL_CONVERSION = YES;
				CLANG_WARN_COMMA = YES;
				CLANG_WARN_CONSTANT_CONVERSION = YES;
				CLANG_WARN_DEPRECATED_OBJC_IMPLEMENTATIONS = YES;
				CLANG_WARN_DIRECT_OBJC_ISA_USAGE = YES_ERROR;
				CLANG_WARN_DOCUMENTATION_COMMENTS = YES;
				CLANG_WARN_EMPTY_BODY = YES;
				CLANG_WARN_ENUM_CONVERSION = YES;
				CLANG_WARN_INFINITE_RECURSION = YES;
				CLANG_WARN_INT_CONVERSION = YES;
				CLANG_WARN_NON_LITERAL_NULL_CONVERSION = YES;
				CLANG_WARN_OBJC_IMPLICIT_RETAIN_SELF = YES;
				CLANG_WARN_OBJC_LITERAL_CONVERSION = YES;
				CLANG_WARN_OBJC_ROOT_CLASS = YES_ERROR;
				CLANG_WARN_RANGE_LOOP_ANALYSIS = YES;
				CLANG_WARN_STRICT_PROTOTYPES = YES;
				CLANG_WARN_SUSPICIOUS_MOVE = YES;
				CLANG_WARN_UNGUARDED_AVAILABILITY = YES_AGGRESSIVE;
				CLANG_WARN_UNREACHABLE_CODE = YES;
				CLANG_WARN__DUPLICATE_METHOD_MATCH = YES;
				CODE_SIGN_IDENTITY = "iPhone Developer";
				COPY_PHASE_STRIP = NO;
				DEBUG_INFORMATION_FORMAT = "dwarf-with-dsym";
				ENABLE_NS_ASSERTIONS = NO;
				ENABLE_STRICT_OBJC_MSGSEND = YES;
				GCC_C_LANGUAGE_STANDARD = gnu11;
				GCC_NO_COMMON_BLOCKS = YES;
				GCC_WARN_64_TO_32_BIT_CONVERSION = YES;
				GCC_WARN_ABOUT_RETURN_TYPE = YES_ERROR;
				GCC_WARN_UNDECLARED_SELECTOR = YES;
				GCC_WARN_UNINITIALIZED_AUTOS = YES_AGGRESSIVE;
				GCC_WARN_UNUSED_FUNCTION = YES;
				GCC_WARN_UNUSED_VARIABLE = YES;
				IPHONEOS_DEPLOYMENT_TARGET = 11.3;
				MTL_ENABLE_DEBUG_INFO = NO;
				SDKROOT = iphoneos;
				SWIFT_COMPILATION_MODE = wholemodule;
				SWIFT_OPTIMIZATION_LEVEL = "-O";
				VALIDATE_PRODUCT = YES;
			};
			name = Release;
		};
		6482226420FCFDB100535188 /* Debug */ = {
			isa = XCBuildConfiguration;
			baseConfigurationReference = B08B897EC3E2C81C4ED3950A /* Pods-IOS_TDD_Learning.debug.xcconfig */;
			buildSettings = {
				ASSETCATALOG_COMPILER_APPICON_NAME = AppIcon;
				CODE_SIGN_STYLE = Automatic;
				INFOPLIST_FILE = IOS_TDD_Learning/Info.plist;
				LD_RUNPATH_SEARCH_PATHS = (
					"$(inherited)",
					"@executable_path/Frameworks",
				);
				PRODUCT_BUNDLE_IDENTIFIER = "test.IOS-TDD-Learning";
				PRODUCT_NAME = "$(TARGET_NAME)";
				SWIFT_VERSION = 4.0;
				TARGETED_DEVICE_FAMILY = "1,2";
			};
			name = Debug;
		};
		6482226520FCFDB100535188 /* Release */ = {
			isa = XCBuildConfiguration;
			baseConfigurationReference = 4CBE72826EB71FF72C561CAE /* Pods-IOS_TDD_Learning.release.xcconfig */;
			buildSettings = {
				ASSETCATALOG_COMPILER_APPICON_NAME = AppIcon;
				CODE_SIGN_STYLE = Automatic;
				INFOPLIST_FILE = IOS_TDD_Learning/Info.plist;
				LD_RUNPATH_SEARCH_PATHS = (
					"$(inherited)",
					"@executable_path/Frameworks",
				);
				PRODUCT_BUNDLE_IDENTIFIER = "test.IOS-TDD-Learning";
				PRODUCT_NAME = "$(TARGET_NAME)";
				SWIFT_VERSION = 4.0;
				TARGETED_DEVICE_FAMILY = "1,2";
			};
			name = Release;
		};
		6482226720FCFDB100535188 /* Debug */ = {
			isa = XCBuildConfiguration;
			baseConfigurationReference = 9D8A86861316B2E2F8505AA1 /* Pods-IOS_TDD_LearningTests.debug.xcconfig */;
			buildSettings = {
				ALWAYS_EMBED_SWIFT_STANDARD_LIBRARIES = YES;
				BUNDLE_LOADER = "$(TEST_HOST)";
				CODE_SIGN_STYLE = Automatic;
				INFOPLIST_FILE = IOS_TDD_LearningTests/Info.plist;
				LD_RUNPATH_SEARCH_PATHS = (
					"$(inherited)",
					"@executable_path/Frameworks",
					"@loader_path/Frameworks",
				);
				PRODUCT_BUNDLE_IDENTIFIER = "test.IOS-TDD-LearningTests";
				PRODUCT_NAME = "$(TARGET_NAME)";
				SWIFT_VERSION = 4.0;
				TARGETED_DEVICE_FAMILY = "1,2";
				TEST_HOST = "$(BUILT_PRODUCTS_DIR)/IOS_TDD_Learning.app/IOS_TDD_Learning";
			};
			name = Debug;
		};
		6482226820FCFDB100535188 /* Release */ = {
			isa = XCBuildConfiguration;
			baseConfigurationReference = DB35DEF0566EE647D2D29CFD /* Pods-IOS_TDD_LearningTests.release.xcconfig */;
			buildSettings = {
				ALWAYS_EMBED_SWIFT_STANDARD_LIBRARIES = YES;
				BUNDLE_LOADER = "$(TEST_HOST)";
				CODE_SIGN_STYLE = Automatic;
				INFOPLIST_FILE = IOS_TDD_LearningTests/Info.plist;
				LD_RUNPATH_SEARCH_PATHS = (
					"$(inherited)",
					"@executable_path/Frameworks",
					"@loader_path/Frameworks",
				);
				PRODUCT_BUNDLE_IDENTIFIER = "test.IOS-TDD-LearningTests";
				PRODUCT_NAME = "$(TARGET_NAME)";
				SWIFT_VERSION = 4.0;
				TARGETED_DEVICE_FAMILY = "1,2";
				TEST_HOST = "$(BUILT_PRODUCTS_DIR)/IOS_TDD_Learning.app/IOS_TDD_Learning";
			};
			name = Release;
		};
		6482226A20FCFDB100535188 /* Debug */ = {
			isa = XCBuildConfiguration;
			baseConfigurationReference = DC43FB159AF7E66C6A56BB09 /* Pods-IOS_TDD_LearningUITests.debug.xcconfig */;
			buildSettings = {
				ALWAYS_EMBED_SWIFT_STANDARD_LIBRARIES = YES;
				CODE_SIGN_STYLE = Automatic;
				INFOPLIST_FILE = IOS_TDD_LearningUITests/Info.plist;
				LD_RUNPATH_SEARCH_PATHS = (
					"$(inherited)",
					"@executable_path/Frameworks",
					"@loader_path/Frameworks",
				);
				PRODUCT_BUNDLE_IDENTIFIER = "test.IOS-TDD-LearningUITests";
				PRODUCT_NAME = "$(TARGET_NAME)";
				SWIFT_VERSION = 4.0;
				TARGETED_DEVICE_FAMILY = "1,2";
				TEST_TARGET_NAME = IOS_TDD_Learning;
			};
			name = Debug;
		};
		6482226B20FCFDB100535188 /* Release */ = {
			isa = XCBuildConfiguration;
			baseConfigurationReference = 6DE1BE18CA5D71B5042B6965 /* Pods-IOS_TDD_LearningUITests.release.xcconfig */;
			buildSettings = {
				ALWAYS_EMBED_SWIFT_STANDARD_LIBRARIES = YES;
				CODE_SIGN_STYLE = Automatic;
				INFOPLIST_FILE = IOS_TDD_LearningUITests/Info.plist;
				LD_RUNPATH_SEARCH_PATHS = (
					"$(inherited)",
					"@executable_path/Frameworks",
					"@loader_path/Frameworks",
				);
				PRODUCT_BUNDLE_IDENTIFIER = "test.IOS-TDD-LearningUITests";
				PRODUCT_NAME = "$(TARGET_NAME)";
				SWIFT_VERSION = 4.0;
				TARGETED_DEVICE_FAMILY = "1,2";
				TEST_TARGET_NAME = IOS_TDD_Learning;
			};
			name = Release;
		};
/* End XCBuildConfiguration section */

/* Begin XCConfigurationList section */
		6482223320FCFDB000535188 /* Build configuration list for PBXProject "IOS_TDD_Learning" */ = {
			isa = XCConfigurationList;
			buildConfigurations = (
				6482226120FCFDB100535188 /* Debug */,
				6482226220FCFDB100535188 /* Release */,
			);
			defaultConfigurationIsVisible = 0;
			defaultConfigurationName = Release;
		};
		6482226320FCFDB100535188 /* Build configuration list for PBXNativeTarget "IOS_TDD_Learning" */ = {
			isa = XCConfigurationList;
			buildConfigurations = (
				6482226420FCFDB100535188 /* Debug */,
				6482226520FCFDB100535188 /* Release */,
			);
			defaultConfigurationIsVisible = 0;
			defaultConfigurationName = Release;
		};
		6482226620FCFDB100535188 /* Build configuration list for PBXNativeTarget "IOS_TDD_LearningTests" */ = {
			isa = XCConfigurationList;
			buildConfigurations = (
				6482226720FCFDB100535188 /* Debug */,
				6482226820FCFDB100535188 /* Release */,
			);
			defaultConfigurationIsVisible = 0;
			defaultConfigurationName = Release;
		};
		6482226920FCFDB100535188 /* Build configuration list for PBXNativeTarget "IOS_TDD_LearningUITests" */ = {
			isa = XCConfigurationList;
			buildConfigurations = (
				6482226A20FCFDB100535188 /* Debug */,
				6482226B20FCFDB100535188 /* Release */,
			);
			defaultConfigurationIsVisible = 0;
			defaultConfigurationName = Release;
		};
/* End XCConfigurationList section */

/* Begin XCVersionGroup section */
		6482224220FCFDB000535188 /* IOS_TDD_Learning.xcdatamodeld */ = {
			isa = XCVersionGroup;
			children = (
				6482224320FCFDB000535188 /* IOS_TDD_Learning.xcdatamodel */,
			);
			currentVersion = 6482224320FCFDB000535188 /* IOS_TDD_Learning.xcdatamodel */;
			path = IOS_TDD_Learning.xcdatamodeld;
			sourceTree = "<group>";
			versionGroupType = wrapper.xcdatamodel;
		};
/* End XCVersionGroup section */
	};
	rootObject = 6482223020FCFDB000535188 /* Project object */;
}
